
Microsoft Visual Studio Solution File, Format Version 12.00
# Visual Studio 15
VisualStudioVersion = 15.0.27004.2010
MinimumVisualStudioVersion = 10.0.40219.1
Project("{FAE04EC0-301F-11D3-BF4B-00C04F79EFBC}") = "Assignment6", "Assignment6\Assignment6.csproj", "{51F8EBE4-A68C-46F7-8BF8-911868C60E42}"
EndProject
Global
	GlobalSection(SolutionConfigurationPlatforms) = preSolution
		Debug|Any CPU = Debug|Any CPU
		Release|Any CPU = Release|Any CPU
	EndGlobalSection
	GlobalSection(ProjectConfigurationPlatforms) = postSolution
		{51F8EBE4-A68C-46F7-8BF8-911868C60E42}.Debug|Any CPU.ActiveCfg = Debug|Any CPU
		{51F8EBE4-A68C-46F7-8BF8-911868C60E42}.Debug|Any CPU.Build.0 = Debug|Any CPU
		{51F8EBE4-A68C-46F7-8BF8-911868C60E42}.Release|Any CPU.ActiveCfg = Release|Any CPU
		{51F8EBE4-A68C-46F7-8BF8-911868C60E42}.Release|Any CPU.Build.0 = Release|Any CPU
	EndGlobalSection
	GlobalSection(SolutionProperties) = preSolution
		HideSolutionNode = FALSE
	EndGlobalSection
	GlobalSection(ExtensibilityGlobals) = postSolution
		SolutionGuid = {4F7B9805-7467-461C-9B32-80EC6AE08466}
	EndGlobalSection
EndGlobal
